
Microsoft Visual Studio Solution File, Format Version 12.00
# Visual Studio Version 17
VisualStudioVersion = 17.9.34622.214
MinimumVisualStudioVersion = 10.0.40219.1
Project("{FAE04EC0-301F-11D3-BF4B-00C04F79EFBC}") = "Practice1", "Practice1\Practice1.csproj", "{0E6B6A61-9CD4-46F7-AB89-E6D955E8B3CE}"
EndProject
Global
	GlobalSection(SolutionConfigurationPlatforms) = preSolution
		Debug|Any CPU = Debug|Any CPU
		Release|Any CPU = Release|Any CPU
	EndGlobalSection
	GlobalSection(ProjectConfigurationPlatforms) = postSolution
		{0E6B6A61-9CD4-46F7-AB89-E6D955E8B3CE}.Debug|Any CPU.ActiveCfg = Debug|Any CPU
		{0E6B6A61-9CD4-46F7-AB89-E6D955E8B3CE}.Debug|Any CPU.Build.0 = Debug|Any CPU
		{0E6B6A61-9CD4-46F7-AB89-E6D955E8B3CE}.Release|Any CPU.ActiveCfg = Release|Any CPU
		{0E6B6A61-9CD4-46F7-AB89-E6D955E8B3CE}.Release|Any CPU.Build.0 = Release|Any CPU
	EndGlobalSection
	GlobalSection(SolutionProperties) = preSolution
		HideSolutionNode = FALSE
	EndGlobalSection
	GlobalSection(ExtensibilityGlobals) = postSolution
		SolutionGuid = {20609F44-179B-4DF1-8542-80C4BB64001A}
	EndGlobalSection
EndGlobal
