
Microsoft Visual Studio Solution File, Format Version 12.00
# Visual Studio Version 17
VisualStudioVersion = 17.9.34622.214
MinimumVisualStudioVersion = 10.0.40219.1
Project("{FAE04EC0-301F-11D3-BF4B-00C04F79EFBC}") = "Proj1", "Proj1\Proj1.csproj", "{D30C059F-8E3C-4CFB-B5E3-4BBBC3040890}"
EndProject
Project("{FAE04EC0-301F-11D3-BF4B-00C04F79EFBC}") = "Proj2", "Proj2\Proj2.csproj", "{272FA856-9EEF-4D9E-A69F-2C410BE23F30}"
EndProject
Project("{FAE04EC0-301F-11D3-BF4B-00C04F79EFBC}") = "Proj3", "Proj3\Proj3.csproj", "{B9954B56-1195-4786-8BDA-A296772B38EE}"
EndProject
Project("{FAE04EC0-301F-11D3-BF4B-00C04F79EFBC}") = "Proj4", "Proj4\Proj4.csproj", "{732C3DF4-7ABD-46AF-8BD6-0C7A530EDA0A}"
EndProject
Project("{FAE04EC0-301F-11D3-BF4B-00C04F79EFBC}") = "Proj5", "Proj5\Proj5.csproj", "{45CC98F9-E0E2-4E46-B27D-828C11F24963}"
EndProject
Project("{FAE04EC0-301F-11D3-BF4B-00C04F79EFBC}") = "Proj6", "Proj6\Proj6.csproj", "{205EC786-5C1D-49CD-AAC2-DBF10752987A}"
EndProject
Project("{FAE04EC0-301F-11D3-BF4B-00C04F79EFBC}") = "Proj7", "Proj7\Proj7.csproj", "{7D86D2A7-4855-42ED-A528-520C7AC952F8}"
EndProject
Project("{FAE04EC0-301F-11D3-BF4B-00C04F79EFBC}") = "ProjVariable", "ProjVariable\ProjVariable.csproj", "{708BE551-A35F-4B47-891B-305924192A4B}"
EndProject
Project("{FAE04EC0-301F-11D3-BF4B-00C04F79EFBC}") = "ControlStatement", "ControlStatement\ControlStatement.csproj", "{0939386F-47A0-4F67-8216-4D2B18EE0359}"
EndProject
Project("{FAE04EC0-301F-11D3-BF4B-00C04F79EFBC}") = "CollectionExam", "CollectionExam\CollectionExam.csproj", "{3C46616D-7905-4462-A29E-DE716288058E}"
EndProject
Project("{FAE04EC0-301F-11D3-BF4B-00C04F79EFBC}") = "MemoryTest", "MemoryTest\MemoryTest.csproj", "{60897F26-6CB7-421A-A4CF-CBDE067EE553}"
EndProject
Project("{FAE04EC0-301F-11D3-BF4B-00C04F79EFBC}") = "Proj8", "Proj8\Proj8.csproj", "{0A4F8B7E-B46C-4665-B070-FCE39D3A23E4}"
EndProject
Project("{FAE04EC0-301F-11D3-BF4B-00C04F79EFBC}") = "MemoryTest2nd", "MemoryTest2nd\MemoryTest2nd.csproj", "{1DB30BBE-D42C-4F81-B755-7337F82E2EA1}"
EndProject
Project("{FAE04EC0-301F-11D3-BF4B-00C04F79EFBC}") = "BankSystem", "BankSystem\BankSystem.csproj", "{75102E76-6DF5-460A-BD95-C945D0F49943}"
EndProject
Project("{FAE04EC0-301F-11D3-BF4B-00C04F79EFBC}") = "ProjInheritance", "ProInheritance\ProjInheritance.csproj", "{A0C8414A-54E3-4E69-9B5F-9B5218346582}"
EndProject
Project("{FAE04EC0-301F-11D3-BF4B-00C04F79EFBC}") = "ProjPolymorphism", "ProjPolymorphism\ProjPolymorphism.csproj", "{95CCA39E-C4E8-4A40-A867-3C5C39CEBA86}"
EndProject
Project("{FAE04EC0-301F-11D3-BF4B-00C04F79EFBC}") = "ProjAbstract", "ProjAbstract\ProjAbstract.csproj", "{DA10584F-50DF-48AB-8AE8-24F699E0CE65}"
EndProject
Project("{FAE04EC0-301F-11D3-BF4B-00C04F79EFBC}") = "ProjInterface", "ProjInterface\ProjInterface.csproj", "{0D2074BF-9B05-4C88-A85A-DF0D6C280FB8}"
EndProject
Global
	GlobalSection(SolutionConfigurationPlatforms) = preSolution
		Debug|Any CPU = Debug|Any CPU
		Release|Any CPU = Release|Any CPU
	EndGlobalSection
	GlobalSection(ProjectConfigurationPlatforms) = postSolution
		{D30C059F-8E3C-4CFB-B5E3-4BBBC3040890}.Debug|Any CPU.ActiveCfg = Debug|Any CPU
		{D30C059F-8E3C-4CFB-B5E3-4BBBC3040890}.Debug|Any CPU.Build.0 = Debug|Any CPU
		{D30C059F-8E3C-4CFB-B5E3-4BBBC3040890}.Release|Any CPU.ActiveCfg = Release|Any CPU
		{D30C059F-8E3C-4CFB-B5E3-4BBBC3040890}.Release|Any CPU.Build.0 = Release|Any CPU
		{272FA856-9EEF-4D9E-A69F-2C410BE23F30}.Debug|Any CPU.ActiveCfg = Debug|Any CPU
		{272FA856-9EEF-4D9E-A69F-2C410BE23F30}.Debug|Any CPU.Build.0 = Debug|Any CPU
		{272FA856-9EEF-4D9E-A69F-2C410BE23F30}.Release|Any CPU.ActiveCfg = Release|Any CPU
		{272FA856-9EEF-4D9E-A69F-2C410BE23F30}.Release|Any CPU.Build.0 = Release|Any CPU
		{B9954B56-1195-4786-8BDA-A296772B38EE}.Debug|Any CPU.ActiveCfg = Debug|Any CPU
		{B9954B56-1195-4786-8BDA-A296772B38EE}.Debug|Any CPU.Build.0 = Debug|Any CPU
		{B9954B56-1195-4786-8BDA-A296772B38EE}.Release|Any CPU.ActiveCfg = Release|Any CPU
		{B9954B56-1195-4786-8BDA-A296772B38EE}.Release|Any CPU.Build.0 = Release|Any CPU
		{732C3DF4-7ABD-46AF-8BD6-0C7A530EDA0A}.Debug|Any CPU.ActiveCfg = Debug|Any CPU
		{732C3DF4-7ABD-46AF-8BD6-0C7A530EDA0A}.Debug|Any CPU.Build.0 = Debug|Any CPU
		{732C3DF4-7ABD-46AF-8BD6-0C7A530EDA0A}.Release|Any CPU.ActiveCfg = Release|Any CPU
		{732C3DF4-7ABD-46AF-8BD6-0C7A530EDA0A}.Release|Any CPU.Build.0 = Release|Any CPU
		{45CC98F9-E0E2-4E46-B27D-828C11F24963}.Debug|Any CPU.ActiveCfg = Debug|Any CPU
		{45CC98F9-E0E2-4E46-B27D-828C11F24963}.Debug|Any CPU.Build.0 = Debug|Any CPU
		{45CC98F9-E0E2-4E46-B27D-828C11F24963}.Release|Any CPU.ActiveCfg = Release|Any CPU
		{45CC98F9-E0E2-4E46-B27D-828C11F24963}.Release|Any CPU.Build.0 = Release|Any CPU
		{205EC786-5C1D-49CD-AAC2-DBF10752987A}.Debug|Any CPU.ActiveCfg = Debug|Any CPU
		{205EC786-5C1D-49CD-AAC2-DBF10752987A}.Debug|Any CPU.Build.0 = Debug|Any CPU
		{205EC786-5C1D-49CD-AAC2-DBF10752987A}.Release|Any CPU.ActiveCfg = Release|Any CPU
		{205EC786-5C1D-49CD-AAC2-DBF10752987A}.Release|Any CPU.Build.0 = Release|Any CPU
		{7D86D2A7-4855-42ED-A528-520C7AC952F8}.Debug|Any CPU.ActiveCfg = Debug|Any CPU
		{7D86D2A7-4855-42ED-A528-520C7AC952F8}.Debug|Any CPU.Build.0 = Debug|Any CPU
		{7D86D2A7-4855-42ED-A528-520C7AC952F8}.Release|Any CPU.ActiveCfg = Release|Any CPU
		{7D86D2A7-4855-42ED-A528-520C7AC952F8}.Release|Any CPU.Build.0 = Release|Any CPU
		{708BE551-A35F-4B47-891B-305924192A4B}.Debug|Any CPU.ActiveCfg = Debug|Any CPU
		{708BE551-A35F-4B47-891B-305924192A4B}.Debug|Any CPU.Build.0 = Debug|Any CPU
		{708BE551-A35F-4B47-891B-305924192A4B}.Release|Any CPU.ActiveCfg = Release|Any CPU
		{708BE551-A35F-4B47-891B-305924192A4B}.Release|Any CPU.Build.0 = Release|Any CPU
		{0939386F-47A0-4F67-8216-4D2B18EE0359}.Debug|Any CPU.ActiveCfg = Debug|Any CPU
		{0939386F-47A0-4F67-8216-4D2B18EE0359}.Debug|Any CPU.Build.0 = Debug|Any CPU
		{0939386F-47A0-4F67-8216-4D2B18EE0359}.Release|Any CPU.ActiveCfg = Release|Any CPU
		{0939386F-47A0-4F67-8216-4D2B18EE0359}.Release|Any CPU.Build.0 = Release|Any CPU
		{3C46616D-7905-4462-A29E-DE716288058E}.Debug|Any CPU.ActiveCfg = Debug|Any CPU
		{3C46616D-7905-4462-A29E-DE716288058E}.Debug|Any CPU.Build.0 = Debug|Any CPU
		{3C46616D-7905-4462-A29E-DE716288058E}.Release|Any CPU.ActiveCfg = Release|Any CPU
		{3C46616D-7905-4462-A29E-DE716288058E}.Release|Any CPU.Build.0 = Release|Any CPU
		{60897F26-6CB7-421A-A4CF-CBDE067EE553}.Debug|Any CPU.ActiveCfg = Debug|Any CPU
		{60897F26-6CB7-421A-A4CF-CBDE067EE553}.Debug|Any CPU.Build.0 = Debug|Any CPU
		{60897F26-6CB7-421A-A4CF-CBDE067EE553}.Release|Any CPU.ActiveCfg = Release|Any CPU
		{60897F26-6CB7-421A-A4CF-CBDE067EE553}.Release|Any CPU.Build.0 = Release|Any CPU
		{0A4F8B7E-B46C-4665-B070-FCE39D3A23E4}.Debug|Any CPU.ActiveCfg = Debug|Any CPU
		{0A4F8B7E-B46C-4665-B070-FCE39D3A23E4}.Debug|Any CPU.Build.0 = Debug|Any CPU
		{0A4F8B7E-B46C-4665-B070-FCE39D3A23E4}.Release|Any CPU.ActiveCfg = Release|Any CPU
		{0A4F8B7E-B46C-4665-B070-FCE39D3A23E4}.Release|Any CPU.Build.0 = Release|Any CPU
		{1DB30BBE-D42C-4F81-B755-7337F82E2EA1}.Debug|Any CPU.ActiveCfg = Debug|Any CPU
		{1DB30BBE-D42C-4F81-B755-7337F82E2EA1}.Debug|Any CPU.Build.0 = Debug|Any CPU
		{1DB30BBE-D42C-4F81-B755-7337F82E2EA1}.Release|Any CPU.ActiveCfg = Release|Any CPU
		{1DB30BBE-D42C-4F81-B755-7337F82E2EA1}.Release|Any CPU.Build.0 = Release|Any CPU
		{75102E76-6DF5-460A-BD95-C945D0F49943}.Debug|Any CPU.ActiveCfg = Debug|Any CPU
		{75102E76-6DF5-460A-BD95-C945D0F49943}.Debug|Any CPU.Build.0 = Debug|Any CPU
		{75102E76-6DF5-460A-BD95-C945D0F49943}.Release|Any CPU.ActiveCfg = Release|Any CPU
		{75102E76-6DF5-460A-BD95-C945D0F49943}.Release|Any CPU.Build.0 = Release|Any CPU
		{A0C8414A-54E3-4E69-9B5F-9B5218346582}.Debug|Any CPU.ActiveCfg = Debug|Any CPU
		{A0C8414A-54E3-4E69-9B5F-9B5218346582}.Debug|Any CPU.Build.0 = Debug|Any CPU
		{A0C8414A-54E3-4E69-9B5F-9B5218346582}.Release|Any CPU.ActiveCfg = Release|Any CPU
		{A0C8414A-54E3-4E69-9B5F-9B5218346582}.Release|Any CPU.Build.0 = Release|Any CPU
		{95CCA39E-C4E8-4A40-A867-3C5C39CEBA86}.Debug|Any CPU.ActiveCfg = Debug|Any CPU
		{95CCA39E-C4E8-4A40-A867-3C5C39CEBA86}.Debug|Any CPU.Build.0 = Debug|Any CPU
		{95CCA39E-C4E8-4A40-A867-3C5C39CEBA86}.Release|Any CPU.ActiveCfg = Release|Any CPU
		{95CCA39E-C4E8-4A40-A867-3C5C39CEBA86}.Release|Any CPU.Build.0 = Release|Any CPU
		{DA10584F-50DF-48AB-8AE8-24F699E0CE65}.Debug|Any CPU.ActiveCfg = Debug|Any CPU
		{DA10584F-50DF-48AB-8AE8-24F699E0CE65}.Debug|Any CPU.Build.0 = Debug|Any CPU
		{DA10584F-50DF-48AB-8AE8-24F699E0CE65}.Release|Any CPU.ActiveCfg = Release|Any CPU
		{DA10584F-50DF-48AB-8AE8-24F699E0CE65}.Release|Any CPU.Build.0 = Release|Any CPU
		{0D2074BF-9B05-4C88-A85A-DF0D6C280FB8}.Debug|Any CPU.ActiveCfg = Debug|Any CPU
		{0D2074BF-9B05-4C88-A85A-DF0D6C280FB8}.Debug|Any CPU.Build.0 = Debug|Any CPU
		{0D2074BF-9B05-4C88-A85A-DF0D6C280FB8}.Release|Any CPU.ActiveCfg = Release|Any CPU
		{0D2074BF-9B05-4C88-A85A-DF0D6C280FB8}.Release|Any CPU.Build.0 = Release|Any CPU
	EndGlobalSection
	GlobalSection(SolutionProperties) = preSolution
		HideSolutionNode = FALSE
	EndGlobalSection
	GlobalSection(ExtensibilityGlobals) = postSolution
		SolutionGuid = {AF6BCBAC-28B5-4617-B8CE-E1F4AE31AD0D}
	EndGlobalSection
EndGlobal
