
Microsoft Visual Studio Solution File, Format Version 12.00
# Visual Studio Version 17
VisualStudioVersion = 17.9.34622.214
MinimumVisualStudioVersion = 10.0.40219.1
Project("{FAE04EC0-301F-11D3-BF4B-00C04F79EFBC}") = "Proj1", "Proj1\Proj1.csproj", "{80371C2D-452C-4127-A7BF-6070B6C3E240}"
EndProject
Project("{FAE04EC0-301F-11D3-BF4B-00C04F79EFBC}") = "Proj2", "Proj2\Proj2.csproj", "{EEED6D8F-98AE-4932-9FDD-E62B44858126}"
EndProject
Project("{FAE04EC0-301F-11D3-BF4B-00C04F79EFBC}") = "Proj3", "Proj3\Proj3.csproj", "{64AD9213-D5CF-4250-820F-AC743384DF74}"
EndProject
Project("{FAE04EC0-301F-11D3-BF4B-00C04F79EFBC}") = "Proj4", "Proj4\Proj4.csproj", "{3AD522BB-6E0A-4AD5-930F-D4DC1A75A014}"
EndProject
Project("{FAE04EC0-301F-11D3-BF4B-00C04F79EFBC}") = "Proj5", "Proj5\Proj5.csproj", "{5F819418-DC22-46F2-AF65-4AC99D31DA7E}"
EndProject
Project("{FAE04EC0-301F-11D3-BF4B-00C04F79EFBC}") = "Proj6", "Proj6\Proj6.csproj", "{FA0FEDD0-A676-40D4-B953-1247CCA97909}"
EndProject
Project("{FAE04EC0-301F-11D3-BF4B-00C04F79EFBC}") = "Proj7", "Proj7\Proj7.csproj", "{08D72CED-04E6-47BF-9530-5DEDE1504F20}"
EndProject
Project("{FAE04EC0-301F-11D3-BF4B-00C04F79EFBC}") = "Proj001", "Proj001\Proj001.csproj", "{7E50D069-B94D-4BEE-91F2-D34B36242664}"
EndProject
Project("{FAE04EC0-301F-11D3-BF4B-00C04F79EFBC}") = "Proj002", "Proj002\Proj002.csproj", "{01E9ECBD-39C0-4938-8E6C-3B8A619B2E75}"
EndProject
Project("{FAE04EC0-301F-11D3-BF4B-00C04F79EFBC}") = "Proj003", "Proj003\Proj003.csproj", "{E72B513C-C400-4D87-B85B-91592E60BB17}"
EndProject
Project("{FAE04EC0-301F-11D3-BF4B-00C04F79EFBC}") = "Proj004", "Proj004\Proj004.csproj", "{48E792CD-F846-42F7-B8C7-FBB891A81BAD}"
EndProject
Project("{FAE04EC0-301F-11D3-BF4B-00C04F79EFBC}") = "Second", "Second\Second.csproj", "{847BBC89-3632-451A-9EC9-6B132630D592}"
EndProject
Project("{FAE04EC0-301F-11D3-BF4B-00C04F79EFBC}") = "Fourth", "Fourth\Fourth.csproj", "{70D08D68-D453-4D69-B5DF-83F585AAF1CD}"
EndProject
Project("{FAE04EC0-301F-11D3-BF4B-00C04F79EFBC}") = "Example", "Example\Example.csproj", "{E40C3B1E-D84E-4AD1-A525-B0C50ADAC4E1}"
EndProject
Project("{FAE04EC0-301F-11D3-BF4B-00C04F79EFBC}") = "TestBook", "TestBook\TestBook.csproj", "{1DCB44D2-6CA2-4131-A25B-862FD3CAB76E}"
EndProject
Project("{FAE04EC0-301F-11D3-BF4B-00C04F79EFBC}") = "TestStudent", "TestStudent\TestStudent.csproj", "{F438ADB6-91E1-4309-85AA-F75D06626539}"
EndProject
Global
	GlobalSection(SolutionConfigurationPlatforms) = preSolution
		Debug|Any CPU = Debug|Any CPU
		Release|Any CPU = Release|Any CPU
	EndGlobalSection
	GlobalSection(ProjectConfigurationPlatforms) = postSolution
		{80371C2D-452C-4127-A7BF-6070B6C3E240}.Debug|Any CPU.ActiveCfg = Debug|Any CPU
		{80371C2D-452C-4127-A7BF-6070B6C3E240}.Debug|Any CPU.Build.0 = Debug|Any CPU
		{80371C2D-452C-4127-A7BF-6070B6C3E240}.Release|Any CPU.ActiveCfg = Release|Any CPU
		{80371C2D-452C-4127-A7BF-6070B6C3E240}.Release|Any CPU.Build.0 = Release|Any CPU
		{EEED6D8F-98AE-4932-9FDD-E62B44858126}.Debug|Any CPU.ActiveCfg = Debug|Any CPU
		{EEED6D8F-98AE-4932-9FDD-E62B44858126}.Debug|Any CPU.Build.0 = Debug|Any CPU
		{EEED6D8F-98AE-4932-9FDD-E62B44858126}.Release|Any CPU.ActiveCfg = Release|Any CPU
		{EEED6D8F-98AE-4932-9FDD-E62B44858126}.Release|Any CPU.Build.0 = Release|Any CPU
		{64AD9213-D5CF-4250-820F-AC743384DF74}.Debug|Any CPU.ActiveCfg = Debug|Any CPU
		{64AD9213-D5CF-4250-820F-AC743384DF74}.Debug|Any CPU.Build.0 = Debug|Any CPU
		{64AD9213-D5CF-4250-820F-AC743384DF74}.Release|Any CPU.ActiveCfg = Release|Any CPU
		{64AD9213-D5CF-4250-820F-AC743384DF74}.Release|Any CPU.Build.0 = Release|Any CPU
		{3AD522BB-6E0A-4AD5-930F-D4DC1A75A014}.Debug|Any CPU.ActiveCfg = Debug|Any CPU
		{3AD522BB-6E0A-4AD5-930F-D4DC1A75A014}.Debug|Any CPU.Build.0 = Debug|Any CPU
		{3AD522BB-6E0A-4AD5-930F-D4DC1A75A014}.Release|Any CPU.ActiveCfg = Release|Any CPU
		{3AD522BB-6E0A-4AD5-930F-D4DC1A75A014}.Release|Any CPU.Build.0 = Release|Any CPU
		{5F819418-DC22-46F2-AF65-4AC99D31DA7E}.Debug|Any CPU.ActiveCfg = Debug|Any CPU
		{5F819418-DC22-46F2-AF65-4AC99D31DA7E}.Debug|Any CPU.Build.0 = Debug|Any CPU
		{5F819418-DC22-46F2-AF65-4AC99D31DA7E}.Release|Any CPU.ActiveCfg = Release|Any CPU
		{5F819418-DC22-46F2-AF65-4AC99D31DA7E}.Release|Any CPU.Build.0 = Release|Any CPU
		{FA0FEDD0-A676-40D4-B953-1247CCA97909}.Debug|Any CPU.ActiveCfg = Debug|Any CPU
		{FA0FEDD0-A676-40D4-B953-1247CCA97909}.Debug|Any CPU.Build.0 = Debug|Any CPU
		{FA0FEDD0-A676-40D4-B953-1247CCA97909}.Release|Any CPU.ActiveCfg = Release|Any CPU
		{FA0FEDD0-A676-40D4-B953-1247CCA97909}.Release|Any CPU.Build.0 = Release|Any CPU
		{08D72CED-04E6-47BF-9530-5DEDE1504F20}.Debug|Any CPU.ActiveCfg = Debug|Any CPU
		{08D72CED-04E6-47BF-9530-5DEDE1504F20}.Debug|Any CPU.Build.0 = Debug|Any CPU
		{08D72CED-04E6-47BF-9530-5DEDE1504F20}.Release|Any CPU.ActiveCfg = Release|Any CPU
		{08D72CED-04E6-47BF-9530-5DEDE1504F20}.Release|Any CPU.Build.0 = Release|Any CPU
		{7E50D069-B94D-4BEE-91F2-D34B36242664}.Debug|Any CPU.ActiveCfg = Debug|Any CPU
		{7E50D069-B94D-4BEE-91F2-D34B36242664}.Debug|Any CPU.Build.0 = Debug|Any CPU
		{7E50D069-B94D-4BEE-91F2-D34B36242664}.Release|Any CPU.ActiveCfg = Release|Any CPU
		{7E50D069-B94D-4BEE-91F2-D34B36242664}.Release|Any CPU.Build.0 = Release|Any CPU
		{01E9ECBD-39C0-4938-8E6C-3B8A619B2E75}.Debug|Any CPU.ActiveCfg = Debug|Any CPU
		{01E9ECBD-39C0-4938-8E6C-3B8A619B2E75}.Debug|Any CPU.Build.0 = Debug|Any CPU
		{01E9ECBD-39C0-4938-8E6C-3B8A619B2E75}.Release|Any CPU.ActiveCfg = Release|Any CPU
		{01E9ECBD-39C0-4938-8E6C-3B8A619B2E75}.Release|Any CPU.Build.0 = Release|Any CPU
		{E72B513C-C400-4D87-B85B-91592E60BB17}.Debug|Any CPU.ActiveCfg = Debug|Any CPU
		{E72B513C-C400-4D87-B85B-91592E60BB17}.Debug|Any CPU.Build.0 = Debug|Any CPU
		{E72B513C-C400-4D87-B85B-91592E60BB17}.Release|Any CPU.ActiveCfg = Release|Any CPU
		{E72B513C-C400-4D87-B85B-91592E60BB17}.Release|Any CPU.Build.0 = Release|Any CPU
		{48E792CD-F846-42F7-B8C7-FBB891A81BAD}.Debug|Any CPU.ActiveCfg = Debug|Any CPU
		{48E792CD-F846-42F7-B8C7-FBB891A81BAD}.Debug|Any CPU.Build.0 = Debug|Any CPU
		{48E792CD-F846-42F7-B8C7-FBB891A81BAD}.Release|Any CPU.ActiveCfg = Release|Any CPU
		{48E792CD-F846-42F7-B8C7-FBB891A81BAD}.Release|Any CPU.Build.0 = Release|Any CPU
		{847BBC89-3632-451A-9EC9-6B132630D592}.Debug|Any CPU.ActiveCfg = Debug|Any CPU
		{847BBC89-3632-451A-9EC9-6B132630D592}.Debug|Any CPU.Build.0 = Debug|Any CPU
		{847BBC89-3632-451A-9EC9-6B132630D592}.Release|Any CPU.ActiveCfg = Release|Any CPU
		{847BBC89-3632-451A-9EC9-6B132630D592}.Release|Any CPU.Build.0 = Release|Any CPU
		{70D08D68-D453-4D69-B5DF-83F585AAF1CD}.Debug|Any CPU.ActiveCfg = Debug|Any CPU
		{70D08D68-D453-4D69-B5DF-83F585AAF1CD}.Debug|Any CPU.Build.0 = Debug|Any CPU
		{70D08D68-D453-4D69-B5DF-83F585AAF1CD}.Release|Any CPU.ActiveCfg = Release|Any CPU
		{70D08D68-D453-4D69-B5DF-83F585AAF1CD}.Release|Any CPU.Build.0 = Release|Any CPU
		{E40C3B1E-D84E-4AD1-A525-B0C50ADAC4E1}.Debug|Any CPU.ActiveCfg = Debug|Any CPU
		{E40C3B1E-D84E-4AD1-A525-B0C50ADAC4E1}.Debug|Any CPU.Build.0 = Debug|Any CPU
		{E40C3B1E-D84E-4AD1-A525-B0C50ADAC4E1}.Release|Any CPU.ActiveCfg = Release|Any CPU
		{E40C3B1E-D84E-4AD1-A525-B0C50ADAC4E1}.Release|Any CPU.Build.0 = Release|Any CPU
		{1DCB44D2-6CA2-4131-A25B-862FD3CAB76E}.Debug|Any CPU.ActiveCfg = Debug|Any CPU
		{1DCB44D2-6CA2-4131-A25B-862FD3CAB76E}.Debug|Any CPU.Build.0 = Debug|Any CPU
		{1DCB44D2-6CA2-4131-A25B-862FD3CAB76E}.Release|Any CPU.ActiveCfg = Release|Any CPU
		{1DCB44D2-6CA2-4131-A25B-862FD3CAB76E}.Release|Any CPU.Build.0 = Release|Any CPU
		{F438ADB6-91E1-4309-85AA-F75D06626539}.Debug|Any CPU.ActiveCfg = Debug|Any CPU
		{F438ADB6-91E1-4309-85AA-F75D06626539}.Debug|Any CPU.Build.0 = Debug|Any CPU
		{F438ADB6-91E1-4309-85AA-F75D06626539}.Release|Any CPU.ActiveCfg = Release|Any CPU
		{F438ADB6-91E1-4309-85AA-F75D06626539}.Release|Any CPU.Build.0 = Release|Any CPU
	EndGlobalSection
	GlobalSection(SolutionProperties) = preSolution
		HideSolutionNode = FALSE
	EndGlobalSection
	GlobalSection(ExtensibilityGlobals) = postSolution
		SolutionGuid = {DBAC3B1E-729E-4422-8B4E-D0D052A10AC2}
	EndGlobalSection
EndGlobal
